
Microsoft Visual Studio Solution File, Format Version 12.00
# Visual Studio 14
VisualStudioVersion = 14.0.25420.1
MinimumVisualStudioVersion = 10.0.40219.1
Project("{E24C65DC-7377-472B-9ABA-BC803B73C61A}") = "WebUI", "http://localhost:57174", "{D7CA4B4F-21D0-4CA8-8EA1-AFEC865D57B0}"
	ProjectSection(WebsiteProperties) = preProject
		UseIISExpress = "true"
		TargetFrameworkMoniker = ".NETFramework,Version%3Dv4.5"
		ProjectReferences = "{b73c03ec-8292-40d6-9752-29da2d0fb2ab}|EngineData.dll;{916B606E-16DC-4A22-A9DF-DA9964FE3BD5}|EngineVariable.dll;{9dd8229d-14b8-431e-82e8-de261b2a293c}|EngineCommon.dll;"
		Debug.AspNetCompiler.VirtualPath = "/localhost_57174"
		Debug.AspNetCompiler.PhysicalPath = "WebUI\"
		Debug.AspNetCompiler.TargetPath = "PrecompiledWeb\localhost_57174\"
		Debug.AspNetCompiler.Updateable = "true"
		Debug.AspNetCompiler.ForceOverwrite = "true"
		Debug.AspNetCompiler.FixedNames = "false"
		Debug.AspNetCompiler.Debug = "True"
		Release.AspNetCompiler.VirtualPath = "/localhost_57174"
		Release.AspNetCompiler.PhysicalPath = "WebUI\"
		Release.AspNetCompiler.TargetPath = "PrecompiledWeb\localhost_57174\"
		Release.AspNetCompiler.Updateable = "true"
		Release.AspNetCompiler.ForceOverwrite = "true"
		Release.AspNetCompiler.FixedNames = "false"
		Release.AspNetCompiler.Debug = "False"
		SlnRelativePath = "WebUI\"
		DefaultWebSiteLanguage = "Visual C#"
	EndProjectSection
EndProject
Project("{FAE04EC0-301F-11D3-BF4B-00C04F79EFBC}") = "EngineVariable", "EngineVariable\EngineVariable.csproj", "{916B606E-16DC-4A22-A9DF-DA9964FE3BD5}"
EndProject
Project("{FAE04EC0-301F-11D3-BF4B-00C04F79EFBC}") = "EngineCommon", "EngineCommon\EngineCommon.csproj", "{9DD8229D-14B8-431E-82E8-DE261B2A293C}"
EndProject
Project("{FAE04EC0-301F-11D3-BF4B-00C04F79EFBC}") = "EngineData", "EngineData\EngineData.csproj", "{B73C03EC-8292-40D6-9752-29DA2D0FB2AB}"
EndProject
Global
	GlobalSection(SolutionConfigurationPlatforms) = preSolution
		Debug|Any CPU = Debug|Any CPU
		Release|Any CPU = Release|Any CPU
	EndGlobalSection
	GlobalSection(ProjectConfigurationPlatforms) = postSolution
		{D7CA4B4F-21D0-4CA8-8EA1-AFEC865D57B0}.Debug|Any CPU.ActiveCfg = Debug|Any CPU
		{D7CA4B4F-21D0-4CA8-8EA1-AFEC865D57B0}.Debug|Any CPU.Build.0 = Debug|Any CPU
		{D7CA4B4F-21D0-4CA8-8EA1-AFEC865D57B0}.Release|Any CPU.ActiveCfg = Debug|Any CPU
		{D7CA4B4F-21D0-4CA8-8EA1-AFEC865D57B0}.Release|Any CPU.Build.0 = Debug|Any CPU
		{916B606E-16DC-4A22-A9DF-DA9964FE3BD5}.Debug|Any CPU.ActiveCfg = Debug|Any CPU
		{916B606E-16DC-4A22-A9DF-DA9964FE3BD5}.Debug|Any CPU.Build.0 = Debug|Any CPU
		{916B606E-16DC-4A22-A9DF-DA9964FE3BD5}.Release|Any CPU.ActiveCfg = Release|Any CPU
		{916B606E-16DC-4A22-A9DF-DA9964FE3BD5}.Release|Any CPU.Build.0 = Release|Any CPU
		{9DD8229D-14B8-431E-82E8-DE261B2A293C}.Debug|Any CPU.ActiveCfg = Debug|Any CPU
		{9DD8229D-14B8-431E-82E8-DE261B2A293C}.Debug|Any CPU.Build.0 = Debug|Any CPU
		{9DD8229D-14B8-431E-82E8-DE261B2A293C}.Release|Any CPU.ActiveCfg = Release|Any CPU
		{9DD8229D-14B8-431E-82E8-DE261B2A293C}.Release|Any CPU.Build.0 = Release|Any CPU
		{B73C03EC-8292-40D6-9752-29DA2D0FB2AB}.Debug|Any CPU.ActiveCfg = Debug|Any CPU
		{B73C03EC-8292-40D6-9752-29DA2D0FB2AB}.Debug|Any CPU.Build.0 = Debug|Any CPU
		{B73C03EC-8292-40D6-9752-29DA2D0FB2AB}.Release|Any CPU.ActiveCfg = Release|Any CPU
		{B73C03EC-8292-40D6-9752-29DA2D0FB2AB}.Release|Any CPU.Build.0 = Release|Any CPU
	EndGlobalSection
	GlobalSection(SolutionProperties) = preSolution
		HideSolutionNode = FALSE
	EndGlobalSection
EndGlobal
